
Microsoft Visual Studio Solution File, Format Version 12.00
# Visual Studio 14
VisualStudioVersion = 14.0.25420.1
MinimumVisualStudioVersion = 10.0.40219.1
Project("{2150E333-8FDC-42A3-9474-1A3956D46DE8}") = "1.UserInterface", "1.UserInterface", "{4F2702CB-F536-4152-906D-6675B8EB4574}"
EndProject
Project("{2150E333-8FDC-42A3-9474-1A3956D46DE8}") = "2.Application", "2.Application", "{D8D6BC35-3F18-4C08-ABAF-F7BCC636837D}"
EndProject
Project("{2150E333-8FDC-42A3-9474-1A3956D46DE8}") = "3.Domain", "3.Domain", "{8C77D61D-52A4-4528-93AC-98123C1D70FB}"
EndProject
Project("{2150E333-8FDC-42A3-9474-1A3956D46DE8}") = "4.Infrastructure", "4.Infrastructure", "{658BCE92-148B-48F0-B564-FB650DDC0F82}"
EndProject
Project("{FAE04EC0-301F-11D3-BF4B-00C04F79EFBC}") = "UI.Desktop", "UI.Desktop\UI.Desktop.csproj", "{12361FE1-6103-4053-AB5E-2562D5929FD9}"
EndProject
Project("{FAE04EC0-301F-11D3-BF4B-00C04F79EFBC}") = "Aplication", "Aplication\Aplication.csproj", "{33D6EC6C-16EA-4177-B5AF-C63A26361381}"
EndProject
Project("{FAE04EC0-301F-11D3-BF4B-00C04F79EFBC}") = "Aplication.Data", "Aplication.Data\Aplication.Data.csproj", "{F6C545D3-CCFD-4BFF-8382-2A81B9AB6EDE}"
EndProject
Project("{FAE04EC0-301F-11D3-BF4B-00C04F79EFBC}") = "Domain.Models", "Domain.Models\Domain.Models.csproj", "{6A0DC3AA-C419-482D-938D-5AC0F0CFA2E8}"
EndProject
Project("{FAE04EC0-301F-11D3-BF4B-00C04F79EFBC}") = "Domain.Services", "Domain.Services\Domain.Services.csproj", "{7817D994-48B3-4030-BE25-854B58842C9A}"
EndProject
Project("{FAE04EC0-301F-11D3-BF4B-00C04F79EFBC}") = "Infra.DataAccess", "Infra.DataAccess\Infra.DataAccess.csproj", "{785FC67B-3A4E-46D5-B995-A922E8476158}"
EndProject
Project("{FAE04EC0-301F-11D3-BF4B-00C04F79EFBC}") = "WebApi", "WebApi\WebApi.csproj", "{4024ED31-64BA-45AD-B0B8-35CB743503A7}"
EndProject
Global
	GlobalSection(SolutionConfigurationPlatforms) = preSolution
		Debug|Any CPU = Debug|Any CPU
		Release|Any CPU = Release|Any CPU
	EndGlobalSection
	GlobalSection(ProjectConfigurationPlatforms) = postSolution
		{12361FE1-6103-4053-AB5E-2562D5929FD9}.Debug|Any CPU.ActiveCfg = Debug|Any CPU
		{12361FE1-6103-4053-AB5E-2562D5929FD9}.Debug|Any CPU.Build.0 = Debug|Any CPU
		{12361FE1-6103-4053-AB5E-2562D5929FD9}.Release|Any CPU.ActiveCfg = Release|Any CPU
		{12361FE1-6103-4053-AB5E-2562D5929FD9}.Release|Any CPU.Build.0 = Release|Any CPU
		{33D6EC6C-16EA-4177-B5AF-C63A26361381}.Debug|Any CPU.ActiveCfg = Debug|Any CPU
		{33D6EC6C-16EA-4177-B5AF-C63A26361381}.Debug|Any CPU.Build.0 = Debug|Any CPU
		{33D6EC6C-16EA-4177-B5AF-C63A26361381}.Release|Any CPU.ActiveCfg = Release|Any CPU
		{33D6EC6C-16EA-4177-B5AF-C63A26361381}.Release|Any CPU.Build.0 = Release|Any CPU
		{F6C545D3-CCFD-4BFF-8382-2A81B9AB6EDE}.Debug|Any CPU.ActiveCfg = Debug|Any CPU
		{F6C545D3-CCFD-4BFF-8382-2A81B9AB6EDE}.Debug|Any CPU.Build.0 = Debug|Any CPU
		{F6C545D3-CCFD-4BFF-8382-2A81B9AB6EDE}.Release|Any CPU.ActiveCfg = Release|Any CPU
		{F6C545D3-CCFD-4BFF-8382-2A81B9AB6EDE}.Release|Any CPU.Build.0 = Release|Any CPU
		{6A0DC3AA-C419-482D-938D-5AC0F0CFA2E8}.Debug|Any CPU.ActiveCfg = Debug|Any CPU
		{6A0DC3AA-C419-482D-938D-5AC0F0CFA2E8}.Debug|Any CPU.Build.0 = Debug|Any CPU
		{6A0DC3AA-C419-482D-938D-5AC0F0CFA2E8}.Release|Any CPU.ActiveCfg = Release|Any CPU
		{6A0DC3AA-C419-482D-938D-5AC0F0CFA2E8}.Release|Any CPU.Build.0 = Release|Any CPU
		{7817D994-48B3-4030-BE25-854B58842C9A}.Debug|Any CPU.ActiveCfg = Debug|Any CPU
		{7817D994-48B3-4030-BE25-854B58842C9A}.Debug|Any CPU.Build.0 = Debug|Any CPU
		{7817D994-48B3-4030-BE25-854B58842C9A}.Release|Any CPU.ActiveCfg = Release|Any CPU
		{7817D994-48B3-4030-BE25-854B58842C9A}.Release|Any CPU.Build.0 = Release|Any CPU
		{785FC67B-3A4E-46D5-B995-A922E8476158}.Debug|Any CPU.ActiveCfg = Debug|Any CPU
		{785FC67B-3A4E-46D5-B995-A922E8476158}.Debug|Any CPU.Build.0 = Debug|Any CPU
		{785FC67B-3A4E-46D5-B995-A922E8476158}.Release|Any CPU.ActiveCfg = Release|Any CPU
		{785FC67B-3A4E-46D5-B995-A922E8476158}.Release|Any CPU.Build.0 = Release|Any CPU
		{4024ED31-64BA-45AD-B0B8-35CB743503A7}.Debug|Any CPU.ActiveCfg = Debug|Any CPU
		{4024ED31-64BA-45AD-B0B8-35CB743503A7}.Debug|Any CPU.Build.0 = Debug|Any CPU
		{4024ED31-64BA-45AD-B0B8-35CB743503A7}.Release|Any CPU.ActiveCfg = Release|Any CPU
		{4024ED31-64BA-45AD-B0B8-35CB743503A7}.Release|Any CPU.Build.0 = Release|Any CPU
	EndGlobalSection
	GlobalSection(SolutionProperties) = preSolution
		HideSolutionNode = FALSE
	EndGlobalSection
	GlobalSection(NestedProjects) = preSolution
		{12361FE1-6103-4053-AB5E-2562D5929FD9} = {4F2702CB-F536-4152-906D-6675B8EB4574}
		{33D6EC6C-16EA-4177-B5AF-C63A26361381} = {D8D6BC35-3F18-4C08-ABAF-F7BCC636837D}
		{F6C545D3-CCFD-4BFF-8382-2A81B9AB6EDE} = {D8D6BC35-3F18-4C08-ABAF-F7BCC636837D}
		{6A0DC3AA-C419-482D-938D-5AC0F0CFA2E8} = {8C77D61D-52A4-4528-93AC-98123C1D70FB}
		{7817D994-48B3-4030-BE25-854B58842C9A} = {8C77D61D-52A4-4528-93AC-98123C1D70FB}
		{785FC67B-3A4E-46D5-B995-A922E8476158} = {658BCE92-148B-48F0-B564-FB650DDC0F82}
		{4024ED31-64BA-45AD-B0B8-35CB743503A7} = {658BCE92-148B-48F0-B564-FB650DDC0F82}
	EndGlobalSection
EndGlobal
